// !$*UTF8*$!
{
	archiveVersion = 1;
	classes = {
	};
	objectVersion = 56;
	objects = {

/* Begin PBXBuildFile section */
		F54BE1CA28CB480900532025 /* LockInNoteApp.swift in Sources */ = {isa = PBXBuildFile; fileRef = F54BE1C928CB480900532025 /* LockInNoteApp.swift */; };
		F54BE1CC28CB480900532025 /* ContentView.swift in Sources */ = {isa = PBXBuildFile; fileRef = F54BE1CB28CB480900532025 /* ContentView.swift */; };
		F54BE1CE28CB480A00532025 /* Assets.xcassets in Resources */ = {isa = PBXBuildFile; fileRef = F54BE1CD28CB480A00532025 /* Assets.xcassets */; };
		F5514EFA29CE8AB100FCA7EA /* 📣ADContent.swift in Sources */ = {isa = PBXBuildFile; fileRef = F5514EF929CE8AB000FCA7EA /* 📣ADContent.swift */; };
		F5514EFC29CE8B5D00FCA7EA /* ℹ️AboutAppSection.swift in Sources */ = {isa = PBXBuildFile; fileRef = F5514EFB29CE8B5D00FCA7EA /* ℹ️AboutAppSection.swift */; };
		F5514EFE29CE8CFC00FCA7EA /* 🔗URLSchemeAction.swift in Sources */ = {isa = PBXBuildFile; fileRef = F5514EFD29CE8CFC00FCA7EA /* 🔗URLSchemeAction.swift */; };
		F556950228CCA8A5004558FC /* StoreKit.framework in Frameworks */ = {isa = PBXBuildFile; fileRef = F556950128CCA8A5004558FC /* StoreKit.framework */; };
		F556950928CCAB70004558FC /* WidgetKit.framework in Frameworks */ = {isa = PBXBuildFile; fileRef = F556950828CCAB70004558FC /* WidgetKit.framework */; };
		F556950B28CCAB70004558FC /* SwiftUI.framework in Frameworks */ = {isa = PBXBuildFile; fileRef = F556950A28CCAB70004558FC /* SwiftUI.framework */; };
		F556950E28CCAB71004558FC /* LINWidget.swift in Sources */ = {isa = PBXBuildFile; fileRef = F556950D28CCAB71004558FC /* LINWidget.swift */; };
		F556951028CCAB72004558FC /* Assets.xcassets in Resources */ = {isa = PBXBuildFile; fileRef = F556950F28CCAB72004558FC /* Assets.xcassets */; };
		F556951428CCAB72004558FC /* LINWidgetExtension.appex in Embed Foundation Extensions */ = {isa = PBXBuildFile; fileRef = F556950728CCAB70004558FC /* LINWidgetExtension.appex */; settings = {ATTRIBUTES = (RemoveHeadersOnCopy, ); }; };
		F556951B28CCAC59004558FC /* 📱AppModel.swift in Sources */ = {isa = PBXBuildFile; fileRef = F556951A28CCAC59004558FC /* 📱AppModel.swift */; };
		F556951C28CCAC59004558FC /* 📱AppModel.swift in Sources */ = {isa = PBXBuildFile; fileRef = F556951A28CCAC59004558FC /* 📱AppModel.swift */; };
		F556952B28CCAF7A004558FC /* 🌏AppStoreDescription.strings in Resources */ = {isa = PBXBuildFile; fileRef = F556951F28CCAF7A004558FC /* 🌏AppStoreDescription.strings */; };
		F556952C28CCAF7A004558FC /* 🌏AppStoreDescription.strings in Resources */ = {isa = PBXBuildFile; fileRef = F556951F28CCAF7A004558FC /* 🌏AppStoreDescription.strings */; };
		F556952D28CCAF7A004558FC /* Localizable.strings in Resources */ = {isa = PBXBuildFile; fileRef = F556952128CCAF7A004558FC /* Localizable.strings */; };
		F556952E28CCAF7A004558FC /* Localizable.strings in Resources */ = {isa = PBXBuildFile; fileRef = F556952128CCAF7A004558FC /* Localizable.strings */; };
		F556952F28CCAF7A004558FC /* InfoPlist.strings in Resources */ = {isa = PBXBuildFile; fileRef = F556952328CCAF7A004558FC /* InfoPlist.strings */; };
		F556953028CCAF7A004558FC /* InfoPlist.strings in Resources */ = {isa = PBXBuildFile; fileRef = F556952328CCAF7A004558FC /* InfoPlist.strings */; };
		F556953128CCAF7A004558FC /* 🌏VersionDescription.strings in Resources */ = {isa = PBXBuildFile; fileRef = F556952528CCAF7A004558FC /* 🌏VersionDescription.strings */; };
		F556953228CCAF7A004558FC /* 🌏VersionDescription.strings in Resources */ = {isa = PBXBuildFile; fileRef = F556952528CCAF7A004558FC /* 🌏VersionDescription.strings */; };
		F556953C28CCAFC3004558FC /* Configuration.storekit in Resources */ = {isa = PBXBuildFile; fileRef = F556953628CCAFC3004558FC /* Configuration.storekit */; };
		F556953D28CCAFC3004558FC /* 📣AD.swift in Sources */ = {isa = PBXBuildFile; fileRef = F556953728CCAFC3004558FC /* 📣AD.swift */; };
		F556953E28CCAFC3004558FC /* Launch Screen.storyboard in Resources */ = {isa = PBXBuildFile; fileRef = F556953828CCAFC3004558FC /* Launch Screen.storyboard */; };
		F556953F28CCAFC3004558FC /* 🛒InAppPurchase.swift in Sources */ = {isa = PBXBuildFile; fileRef = F556953928CCAFC3004558FC /* 🛒InAppPurchase.swift */; };
		F5AA8C4228D0985F00C2047D /* LockInNoteApp.swift in CopyFiles */ = {isa = PBXBuildFile; fileRef = F54BE1C928CB480900532025 /* LockInNoteApp.swift */; };
		F5AA8C4328D0985F00C2047D /* ContentView.swift in CopyFiles */ = {isa = PBXBuildFile; fileRef = F54BE1CB28CB480900532025 /* ContentView.swift */; };
		F5AA8C4428D0985F00C2047D /* 📱AppModel.swift in CopyFiles */ = {isa = PBXBuildFile; fileRef = F556951A28CCAC59004558FC /* 📱AppModel.swift */; };
		F5AA8C4528D0985F00C2047D /* LINWidget.swift in CopyFiles */ = {isa = PBXBuildFile; fileRef = F556950D28CCAB71004558FC /* LINWidget.swift */; };
		F5AA8C4928D0987000C2047D /* 📣AD.swift in CopyFiles */ = {isa = PBXBuildFile; fileRef = F556953728CCAFC3004558FC /* 📣AD.swift */; };
		F5AA8C4A28D0987000C2047D /* 🛒InAppPurchase.swift in CopyFiles */ = {isa = PBXBuildFile; fileRef = F556953928CCAFC3004558FC /* 🛒InAppPurchase.swift */; };
		F5F53179298741D200E531E2 /* 🧰MetaData.swift in Sources */ = {isa = PBXBuildFile; fileRef = F5F53178298741D200E531E2 /* 🧰MetaData.swift */; };
		F5F5317B2987425800E531E2 /* ℹ️AboutApp.swift in Sources */ = {isa = PBXBuildFile; fileRef = F5F5317A2987425700E531E2 /* ℹ️AboutApp.swift */; };
		F5F5317C2987432000E531E2 /* 🧰MetaData.swift in CopyFiles */ = {isa = PBXBuildFile; fileRef = F5F53178298741D200E531E2 /* 🧰MetaData.swift */; };
		F5F5317D2987432000E531E2 /* ℹ️AboutApp.swift in CopyFiles */ = {isa = PBXBuildFile; fileRef = F5F5317A2987425700E531E2 /* ℹ️AboutApp.swift */; };
/* End PBXBuildFile section */

/* Begin PBXContainerItemProxy section */
		F556951228CCAB72004558FC /* PBXContainerItemProxy */ = {
			isa = PBXContainerItemProxy;
			containerPortal = F54BE1BE28CB480900532025 /* Project object */;
			proxyType = 1;
			remoteGlobalIDString = F556950628CCAB70004558FC;
			remoteInfo = LINWidgetExtension;
		};
/* End PBXContainerItemProxy section */

/* Begin PBXCopyFilesBuildPhase section */
		F556951828CCAB72004558FC /* Embed Foundation Extensions */ = {
			isa = PBXCopyFilesBuildPhase;
			buildActionMask = 2147483647;
			dstPath = "";
			dstSubfolderSpec = 13;
			files = (
				F556951428CCAB72004558FC /* LINWidgetExtension.appex in Embed Foundation Extensions */,
			);
			name = "Embed Foundation Extensions";
			runOnlyForDeploymentPostprocessing = 0;
		};
		F5AA8C4128D0985100C2047D /* CopyFiles */ = {
			isa = PBXCopyFilesBuildPhase;
			buildActionMask = 2147483647;
			dstPath = main;
			dstSubfolderSpec = 7;
			files = (
				F5AA8C4228D0985F00C2047D /* LockInNoteApp.swift in CopyFiles */,
				F5AA8C4328D0985F00C2047D /* ContentView.swift in CopyFiles */,
				F5AA8C4428D0985F00C2047D /* 📱AppModel.swift in CopyFiles */,
				F5AA8C4528D0985F00C2047D /* LINWidget.swift in CopyFiles */,
			);
			runOnlyForDeploymentPostprocessing = 0;
		};
		F5AA8C4628D0986300C2047D /* CopyFiles */ = {
			isa = PBXCopyFilesBuildPhase;
			buildActionMask = 2147483647;
			dstPath = "🧰Others";
			dstSubfolderSpec = 7;
			files = (
				F5F5317C2987432000E531E2 /* 🧰MetaData.swift in CopyFiles */,
				F5F5317D2987432000E531E2 /* ℹ️AboutApp.swift in CopyFiles */,
				F5AA8C4928D0987000C2047D /* 📣AD.swift in CopyFiles */,
				F5AA8C4A28D0987000C2047D /* 🛒InAppPurchase.swift in CopyFiles */,
			);
			runOnlyForDeploymentPostprocessing = 0;
		};
/* End PBXCopyFilesBuildPhase section */

/* Begin PBXFileReference section */
		F50D9B0228EEDE390089E680 /* Info.plist */ = {isa = PBXFileReference; lastKnownFileType = text.plist.xml; path = Info.plist; sourceTree = "<group>"; };
		F54BE1C628CB480900532025 /* LockInNote.app */ = {isa = PBXFileReference; explicitFileType = wrapper.application; includeInIndex = 0; path = LockInNote.app; sourceTree = BUILT_PRODUCTS_DIR; };
		F54BE1C928CB480900532025 /* LockInNoteApp.swift */ = {isa = PBXFileReference; lastKnownFileType = sourcecode.swift; path = LockInNoteApp.swift; sourceTree = "<group>"; };
		F54BE1CB28CB480900532025 /* ContentView.swift */ = {isa = PBXFileReference; lastKnownFileType = sourcecode.swift; path = ContentView.swift; sourceTree = "<group>"; };
		F54BE1CD28CB480A00532025 /* Assets.xcassets */ = {isa = PBXFileReference; lastKnownFileType = folder.assetcatalog; path = Assets.xcassets; sourceTree = "<group>"; };
		F5514EF929CE8AB000FCA7EA /* 📣ADContent.swift */ = {isa = PBXFileReference; lastKnownFileType = sourcecode.swift; path = "📣ADContent.swift"; sourceTree = "<group>"; };
		F5514EFB29CE8B5D00FCA7EA /* ℹ️AboutAppSection.swift */ = {isa = PBXFileReference; lastKnownFileType = sourcecode.swift; path = "ℹ️AboutAppSection.swift"; sourceTree = "<group>"; };
		F5514EFD29CE8CFC00FCA7EA /* 🔗URLSchemeAction.swift */ = {isa = PBXFileReference; lastKnownFileType = sourcecode.swift; path = "🔗URLSchemeAction.swift"; sourceTree = "<group>"; };
		F55694FF28CCA88B004558FC /* LockInNote.entitlements */ = {isa = PBXFileReference; lastKnownFileType = text.plist.entitlements; path = LockInNote.entitlements; sourceTree = "<group>"; };
		F556950128CCA8A5004558FC /* StoreKit.framework */ = {isa = PBXFileReference; lastKnownFileType = wrapper.framework; name = StoreKit.framework; path = System/Library/Frameworks/StoreKit.framework; sourceTree = SDKROOT; };
		F556950728CCAB70004558FC /* LINWidgetExtension.appex */ = {isa = PBXFileReference; explicitFileType = "wrapper.app-extension"; includeInIndex = 0; path = LINWidgetExtension.appex; sourceTree = BUILT_PRODUCTS_DIR; };
		F556950828CCAB70004558FC /* WidgetKit.framework */ = {isa = PBXFileReference; lastKnownFileType = wrapper.framework; name = WidgetKit.framework; path = System/Library/Frameworks/WidgetKit.framework; sourceTree = SDKROOT; };
		F556950A28CCAB70004558FC /* SwiftUI.framework */ = {isa = PBXFileReference; lastKnownFileType = wrapper.framework; name = SwiftUI.framework; path = System/Library/Frameworks/SwiftUI.framework; sourceTree = SDKROOT; };
		F556950D28CCAB71004558FC /* LINWidget.swift */ = {isa = PBXFileReference; lastKnownFileType = sourcecode.swift; path = LINWidget.swift; sourceTree = "<group>"; };
		F556950F28CCAB72004558FC /* Assets.xcassets */ = {isa = PBXFileReference; lastKnownFileType = folder.assetcatalog; path = Assets.xcassets; sourceTree = "<group>"; };
		F556951128CCAB72004558FC /* Info.plist */ = {isa = PBXFileReference; lastKnownFileType = text.plist.xml; path = Info.plist; sourceTree = "<group>"; };
		F556951928CCAC33004558FC /* README.md */ = {isa = PBXFileReference; lastKnownFileType = net.daringfireball.markdown; path = README.md; sourceTree = "<group>"; };
		F556951A28CCAC59004558FC /* 📱AppModel.swift */ = {isa = PBXFileReference; fileEncoding = 4; lastKnownFileType = sourcecode.swift; path = "📱AppModel.swift"; sourceTree = "<group>"; };
		F556951D28CCAE21004558FC /* LINWidgetExtension.entitlements */ = {isa = PBXFileReference; lastKnownFileType = text.plist.entitlements; path = LINWidgetExtension.entitlements; sourceTree = "<group>"; };
		F556952028CCAF7A004558FC /* ja */ = {isa = PBXFileReference; lastKnownFileType = text.plist.strings; name = ja; path = "ja.lproj/🌏AppStoreDescription.strings"; sourceTree = "<group>"; };
		F556952228CCAF7A004558FC /* ja */ = {isa = PBXFileReference; lastKnownFileType = text.plist.strings; name = ja; path = ja.lproj/Localizable.strings; sourceTree = "<group>"; };
		F556952428CCAF7A004558FC /* ja */ = {isa = PBXFileReference; lastKnownFileType = text.plist.strings; name = ja; path = ja.lproj/InfoPlist.strings; sourceTree = "<group>"; };
		F556952628CCAF7A004558FC /* ja */ = {isa = PBXFileReference; lastKnownFileType = text.plist.strings; name = ja; path = "ja.lproj/🌏VersionDescription.strings"; sourceTree = "<group>"; };
		F556952728CCAF7A004558FC /* en */ = {isa = PBXFileReference; lastKnownFileType = text.plist.strings; name = en; path = "en.lproj/🌏AppStoreDescription.strings"; sourceTree = "<group>"; };
		F556952828CCAF7A004558FC /* en */ = {isa = PBXFileReference; lastKnownFileType = text.plist.strings; name = en; path = en.lproj/Localizable.strings; sourceTree = "<group>"; };
		F556952928CCAF7A004558FC /* en */ = {isa = PBXFileReference; lastKnownFileType = text.plist.strings; name = en; path = en.lproj/InfoPlist.strings; sourceTree = "<group>"; };
		F556952A28CCAF7A004558FC /* en */ = {isa = PBXFileReference; lastKnownFileType = text.plist.strings; name = en; path = "en.lproj/🌏VersionDescription.strings"; sourceTree = "<group>"; };
		F556953628CCAFC3004558FC /* Configuration.storekit */ = {isa = PBXFileReference; fileEncoding = 4; lastKnownFileType = text; path = Configuration.storekit; sourceTree = "<group>"; };
		F556953728CCAFC3004558FC /* 📣AD.swift */ = {isa = PBXFileReference; fileEncoding = 4; lastKnownFileType = sourcecode.swift; path = "📣AD.swift"; sourceTree = "<group>"; };
		F556953828CCAFC3004558FC /* Launch Screen.storyboard */ = {isa = PBXFileReference; fileEncoding = 4; lastKnownFileType = file.storyboard; path = "Launch Screen.storyboard"; sourceTree = "<group>"; };
		F556953928CCAFC3004558FC /* 🛒InAppPurchase.swift */ = {isa = PBXFileReference; fileEncoding = 4; lastKnownFileType = sourcecode.swift; path = "🛒InAppPurchase.swift"; sourceTree = "<group>"; };
		F5F53178298741D200E531E2 /* 🧰MetaData.swift */ = {isa = PBXFileReference; fileEncoding = 4; lastKnownFileType = sourcecode.swift; path = "🧰MetaData.swift"; sourceTree = "<group>"; };
		F5F5317A2987425700E531E2 /* ℹ️AboutApp.swift */ = {isa = PBXFileReference; fileEncoding = 4; lastKnownFileType = sourcecode.swift; path = "ℹ️AboutApp.swift"; sourceTree = "<group>"; };
/* End PBXFileReference section */

/* Begin PBXFrameworksBuildPhase section */
		F54BE1C328CB480900532025 /* Frameworks */ = {
			isa = PBXFrameworksBuildPhase;
			buildActionMask = 2147483647;
			files = (
				F556950228CCA8A5004558FC /* StoreKit.framework in Frameworks */,
			);
			runOnlyForDeploymentPostprocessing = 0;
		};
		F556950428CCAB70004558FC /* Frameworks */ = {
			isa = PBXFrameworksBuildPhase;
			buildActionMask = 2147483647;
			files = (
				F556950B28CCAB70004558FC /* SwiftUI.framework in Frameworks */,
				F556950928CCAB70004558FC /* WidgetKit.framework in Frameworks */,
			);
			runOnlyForDeploymentPostprocessing = 0;
		};
/* End PBXFrameworksBuildPhase section */

/* Begin PBXGroup section */
		F54BE1BD28CB480900532025 = {
			isa = PBXGroup;
			children = (
				F556951928CCAC33004558FC /* README.md */,
				F54BE1C828CB480900532025 /* LockInNote */,
				F556950C28CCAB71004558FC /* LINWidget */,
				F54BE1C728CB480900532025 /* Products */,
				F556950028CCA8A5004558FC /* Frameworks */,
			);
			sourceTree = "<group>";
		};
		F54BE1C728CB480900532025 /* Products */ = {
			isa = PBXGroup;
			children = (
				F54BE1C628CB480900532025 /* LockInNote.app */,
				F556950728CCAB70004558FC /* LINWidgetExtension.appex */,
			);
			name = Products;
			sourceTree = "<group>";
		};
		F54BE1C828CB480900532025 /* LockInNote */ = {
			isa = PBXGroup;
			children = (
				F54BE1C928CB480900532025 /* LockInNoteApp.swift */,
				F54BE1CB28CB480900532025 /* ContentView.swift */,
				F556951A28CCAC59004558FC /* 📱AppModel.swift */,
				F5514EF829CDDA7900FCA7EA /* 🧩Sub */,
				F556951E28CCAF7A004558FC /* 🌏Localization */,
				F54BE1CD28CB480A00532025 /* Assets.xcassets */,
			);
			path = LockInNote;
			sourceTree = "<group>";
		};
		F5514EF829CDDA7900FCA7EA /* 🧩Sub */ = {
			isa = PBXGroup;
			children = (
				F5514EFD29CE8CFC00FCA7EA /* 🔗URLSchemeAction.swift */,
				F5514EFB29CE8B5D00FCA7EA /* ℹ️AboutAppSection.swift */,
				F5514EF929CE8AB000FCA7EA /* 📣ADContent.swift */,
				F50D9B0228EEDE390089E680 /* Info.plist */,
				F55694FF28CCA88B004558FC /* LockInNote.entitlements */,
				F556953628CCAFC3004558FC /* Configuration.storekit */,
				F556953328CCAFC3004558FC /* 🧰Others */,
			);
			path = "🧩Sub";
			sourceTree = "<group>";
		};
		F556950028CCA8A5004558FC /* Frameworks */ = {
			isa = PBXGroup;
			children = (
				F556950128CCA8A5004558FC /* StoreKit.framework */,
				F556950828CCAB70004558FC /* WidgetKit.framework */,
				F556950A28CCAB70004558FC /* SwiftUI.framework */,
			);
			name = Frameworks;
			sourceTree = "<group>";
		};
		F556950C28CCAB71004558FC /* LINWidget */ = {
			isa = PBXGroup;
			children = (
				F556950D28CCAB71004558FC /* LINWidget.swift */,
				F556950F28CCAB72004558FC /* Assets.xcassets */,
				F556951128CCAB72004558FC /* Info.plist */,
				F556951D28CCAE21004558FC /* LINWidgetExtension.entitlements */,
			);
			path = LINWidget;
			sourceTree = "<group>";
		};
		F556951E28CCAF7A004558FC /* 🌏Localization */ = {
			isa = PBXGroup;
			children = (
				F556952128CCAF7A004558FC /* Localizable.strings */,
				F556952328CCAF7A004558FC /* InfoPlist.strings */,
				F556951F28CCAF7A004558FC /* 🌏AppStoreDescription.strings */,
				F556952528CCAF7A004558FC /* 🌏VersionDescription.strings */,
			);
			path = "🌏Localization";
			sourceTree = "<group>";
		};
		F556953328CCAFC3004558FC /* 🧰Others */ = {
			isa = PBXGroup;
			children = (
				F5F53178298741D200E531E2 /* 🧰MetaData.swift */,
				F5F5317A2987425700E531E2 /* ℹ️AboutApp.swift */,
				F556953728CCAFC3004558FC /* 📣AD.swift */,
				F556953928CCAFC3004558FC /* 🛒InAppPurchase.swift */,
				F556953828CCAFC3004558FC /* Launch Screen.storyboard */,
			);
			path = "🧰Others";
			sourceTree = "<group>";
		};
/* End PBXGroup section */

/* Begin PBXNativeTarget section */
		F54BE1C528CB480900532025 /* LockInNote */ = {
			isa = PBXNativeTarget;
			buildConfigurationList = F54BE1D428CB480A00532025 /* Build configuration list for PBXNativeTarget "LockInNote" */;
			buildPhases = (
				F54BE1C228CB480900532025 /* Sources */,
				F54BE1C328CB480900532025 /* Frameworks */,
				F54BE1C428CB480900532025 /* Resources */,
				F556951828CCAB72004558FC /* Embed Foundation Extensions */,
				F5AA8C4128D0985100C2047D /* CopyFiles */,
				F5AA8C4628D0986300C2047D /* CopyFiles */,
			);
			buildRules = (
			);
			dependencies = (
				F556951328CCAB72004558FC /* PBXTargetDependency */,
			);
			name = LockInNote;
			productName = LockInNote;
			productReference = F54BE1C628CB480900532025 /* LockInNote.app */;
			productType = "com.apple.product-type.application";
		};
		F556950628CCAB70004558FC /* LINWidgetExtension */ = {
			isa = PBXNativeTarget;
			buildConfigurationList = F556951528CCAB72004558FC /* Build configuration list for PBXNativeTarget "LINWidgetExtension" */;
			buildPhases = (
				F556950328CCAB70004558FC /* Sources */,
				F556950428CCAB70004558FC /* Frameworks */,
				F556950528CCAB70004558FC /* Resources */,
			);
			buildRules = (
			);
			dependencies = (
			);
			name = LINWidgetExtension;
			productName = LINWidgetExtension;
			productReference = F556950728CCAB70004558FC /* LINWidgetExtension.appex */;
			productType = "com.apple.product-type.app-extension";
		};
/* End PBXNativeTarget section */

/* Begin PBXProject section */
		F54BE1BE28CB480900532025 /* Project object */ = {
			isa = PBXProject;
			attributes = {
				BuildIndependentTargetsInParallel = 1;
				LastSwiftUpdateCheck = 1400;
				LastUpgradeCheck = 1410;
				TargetAttributes = {
					F54BE1C528CB480900532025 = {
						CreatedOnToolsVersion = 14.0;
					};
					F556950628CCAB70004558FC = {
						CreatedOnToolsVersion = 14.0;
					};
				};
			};
			buildConfigurationList = F54BE1C128CB480900532025 /* Build configuration list for PBXProject "LockInNote" */;
			compatibilityVersion = "Xcode 14.0";
			developmentRegion = en;
			hasScannedForEncodings = 0;
			knownRegions = (
				en,
				Base,
				ja,
			);
			mainGroup = F54BE1BD28CB480900532025;
			productRefGroup = F54BE1C728CB480900532025 /* Products */;
			projectDirPath = "";
			projectRoot = "";
			targets = (
				F54BE1C528CB480900532025 /* LockInNote */,
				F556950628CCAB70004558FC /* LINWidgetExtension */,
			);
		};
/* End PBXProject section */

/* Begin PBXResourcesBuildPhase section */
		F54BE1C428CB480900532025 /* Resources */ = {
			isa = PBXResourcesBuildPhase;
			buildActionMask = 2147483647;
			files = (
				F556952B28CCAF7A004558FC /* 🌏AppStoreDescription.strings in Resources */,
				F556953C28CCAFC3004558FC /* Configuration.storekit in Resources */,
				F556953128CCAF7A004558FC /* 🌏VersionDescription.strings in Resources */,
				F556952F28CCAF7A004558FC /* InfoPlist.strings in Resources */,
				F556952D28CCAF7A004558FC /* Localizable.strings in Resources */,
				F54BE1CE28CB480A00532025 /* Assets.xcassets in Resources */,
				F556953E28CCAFC3004558FC /* Launch Screen.storyboard in Resources */,
			);
			runOnlyForDeploymentPostprocessing = 0;
		};
		F556950528CCAB70004558FC /* Resources */ = {
			isa = PBXResourcesBuildPhase;
			buildActionMask = 2147483647;
			files = (
				F556952C28CCAF7A004558FC /* 🌏AppStoreDescription.strings in Resources */,
				F556953228CCAF7A004558FC /* 🌏VersionDescription.strings in Resources */,
				F556953028CCAF7A004558FC /* InfoPlist.strings in Resources */,
				F556952E28CCAF7A004558FC /* Localizable.strings in Resources */,
				F556951028CCAB72004558FC /* Assets.xcassets in Resources */,
			);
			runOnlyForDeploymentPostprocessing = 0;
		};
/* End PBXResourcesBuildPhase section */

/* Begin PBXSourcesBuildPhase section */
		F54BE1C228CB480900532025 /* Sources */ = {
			isa = PBXSourcesBuildPhase;
			buildActionMask = 2147483647;
			files = (
				F556953F28CCAFC3004558FC /* 🛒InAppPurchase.swift in Sources */,
				F556951B28CCAC59004558FC /* 📱AppModel.swift in Sources */,
				F5514EFE29CE8CFC00FCA7EA /* 🔗URLSchemeAction.swift in Sources */,
				F5514EFA29CE8AB100FCA7EA /* 📣ADContent.swift in Sources */,
				F556953D28CCAFC3004558FC /* 📣AD.swift in Sources */,
				F54BE1CC28CB480900532025 /* ContentView.swift in Sources */,
				F5F53179298741D200E531E2 /* 🧰MetaData.swift in Sources */,
				F54BE1CA28CB480900532025 /* LockInNoteApp.swift in Sources */,
				F5514EFC29CE8B5D00FCA7EA /* ℹ️AboutAppSection.swift in Sources */,
				F5F5317B2987425800E531E2 /* ℹ️AboutApp.swift in Sources */,
			);
			runOnlyForDeploymentPostprocessing = 0;
		};
		F556950328CCAB70004558FC /* Sources */ = {
			isa = PBXSourcesBuildPhase;
			buildActionMask = 2147483647;
			files = (
				F556950E28CCAB71004558FC /* LINWidget.swift in Sources */,
				F556951C28CCAC59004558FC /* 📱AppModel.swift in Sources */,
			);
			runOnlyForDeploymentPostprocessing = 0;
		};
/* End PBXSourcesBuildPhase section */

/* Begin PBXTargetDependency section */
		F556951328CCAB72004558FC /* PBXTargetDependency */ = {
			isa = PBXTargetDependency;
			target = F556950628CCAB70004558FC /* LINWidgetExtension */;
			targetProxy = F556951228CCAB72004558FC /* PBXContainerItemProxy */;
		};
/* End PBXTargetDependency section */

/* Begin PBXVariantGroup section */
		F556951F28CCAF7A004558FC /* 🌏AppStoreDescription.strings */ = {
			isa = PBXVariantGroup;
			children = (
				F556952028CCAF7A004558FC /* ja */,
				F556952728CCAF7A004558FC /* en */,
			);
			name = "🌏AppStoreDescription.strings";
			sourceTree = "<group>";
		};
		F556952128CCAF7A004558FC /* Localizable.strings */ = {
			isa = PBXVariantGroup;
			children = (
				F556952228CCAF7A004558FC /* ja */,
				F556952828CCAF7A004558FC /* en */,
			);
			name = Localizable.strings;
			sourceTree = "<group>";
		};
		F556952328CCAF7A004558FC /* InfoPlist.strings */ = {
			isa = PBXVariantGroup;
			children = (
				F556952428CCAF7A004558FC /* ja */,
				F556952928CCAF7A004558FC /* en */,
			);
			name = InfoPlist.strings;
			sourceTree = "<group>";
		};
		F556952528CCAF7A004558FC /* 🌏VersionDescription.strings */ = {
			isa = PBXVariantGroup;
			children = (
				F556952628CCAF7A004558FC /* ja */,
				F556952A28CCAF7A004558FC /* en */,
			);
			name = "🌏VersionDescription.strings";
			sourceTree = "<group>";
		};
/* End PBXVariantGroup section */

/* Begin XCBuildConfiguration section */
		F54BE1D228CB480A00532025 /* Debug */ = {
			isa = XCBuildConfiguration;
			buildSettings = {
				ALWAYS_SEARCH_USER_PATHS = NO;
				CLANG_ANALYZER_LOCALIZABILITY_NONLOCALIZED = YES;
				CLANG_ANALYZER_NONNULL = YES;
				CLANG_ANALYZER_NUMBER_OBJECT_CONVERSION = YES_AGGRESSIVE;
				CLANG_CXX_LANGUAGE_STANDARD = "gnu++20";
				CLANG_ENABLE_MODULES = YES;
				CLANG_ENABLE_OBJC_ARC = YES;
				CLANG_ENABLE_OBJC_WEAK = YES;
				CLANG_WARN_BLOCK_CAPTURE_AUTORELEASING = YES;
				CLANG_WARN_BOOL_CONVERSION = YES;
				CLANG_WARN_COMMA = YES;
				CLANG_WARN_CONSTANT_CONVERSION = YES;
				CLANG_WARN_DEPRECATED_OBJC_IMPLEMENTATIONS = YES;
				CLANG_WARN_DIRECT_OBJC_ISA_USAGE = YES_ERROR;
				CLANG_WARN_DOCUMENTATION_COMMENTS = YES;
				CLANG_WARN_EMPTY_BODY = YES;
				CLANG_WARN_ENUM_CONVERSION = YES;
				CLANG_WARN_INFINITE_RECURSION = YES;
				CLANG_WARN_INT_CONVERSION = YES;
				CLANG_WARN_NON_LITERAL_NULL_CONVERSION = YES;
				CLANG_WARN_OBJC_IMPLICIT_RETAIN_SELF = YES;
				CLANG_WARN_OBJC_LITERAL_CONVERSION = YES;
				CLANG_WARN_OBJC_ROOT_CLASS = YES_ERROR;
				CLANG_WARN_QUOTED_INCLUDE_IN_FRAMEWORK_HEADER = YES;
				CLANG_WARN_RANGE_LOOP_ANALYSIS = YES;
				CLANG_WARN_STRICT_PROTOTYPES = YES;
				CLANG_WARN_SUSPICIOUS_MOVE = YES;
				CLANG_WARN_UNGUARDED_AVAILABILITY = YES_AGGRESSIVE;
				CLANG_WARN_UNREACHABLE_CODE = YES;
				CLANG_WARN__DUPLICATE_METHOD_MATCH = YES;
				COPY_PHASE_STRIP = NO;
				DEBUG_INFORMATION_FORMAT = dwarf;
				ENABLE_STRICT_OBJC_MSGSEND = YES;
				ENABLE_TESTABILITY = YES;
				GCC_C_LANGUAGE_STANDARD = gnu11;
				GCC_DYNAMIC_NO_PIC = NO;
				GCC_NO_COMMON_BLOCKS = YES;
				GCC_OPTIMIZATION_LEVEL = 0;
				GCC_PREPROCESSOR_DEFINITIONS = (
					"DEBUG=1",
					"$(inherited)",
				);
				GCC_WARN_64_TO_32_BIT_CONVERSION = YES;
				GCC_WARN_ABOUT_RETURN_TYPE = YES_ERROR;
				GCC_WARN_UNDECLARED_SELECTOR = YES;
				GCC_WARN_UNINITIALIZED_AUTOS = YES_AGGRESSIVE;
				GCC_WARN_UNUSED_FUNCTION = YES;
				GCC_WARN_UNUSED_VARIABLE = YES;
				IPHONEOS_DEPLOYMENT_TARGET = 16.0;
				MTL_ENABLE_DEBUG_INFO = INCLUDE_SOURCE;
				MTL_FAST_MATH = YES;
				ONLY_ACTIVE_ARCH = YES;
				SDKROOT = iphoneos;
				SWIFT_ACTIVE_COMPILATION_CONDITIONS = DEBUG;
				SWIFT_OPTIMIZATION_LEVEL = "-Onone";
			};
			name = Debug;
		};
		F54BE1D328CB480A00532025 /* Release */ = {
			isa = XCBuildConfiguration;
			buildSettings = {
				ALWAYS_SEARCH_USER_PATHS = NO;
				CLANG_ANALYZER_LOCALIZABILITY_NONLOCALIZED = YES;
				CLANG_ANALYZER_NONNULL = YES;
				CLANG_ANALYZER_NUMBER_OBJECT_CONVERSION = YES_AGGRESSIVE;
				CLANG_CXX_LANGUAGE_STANDARD = "gnu++20";
				CLANG_ENABLE_MODULES = YES;
				CLANG_ENABLE_OBJC_ARC = YES;
				CLANG_ENABLE_OBJC_WEAK = YES;
				CLANG_WARN_BLOCK_CAPTURE_AUTORELEASING = YES;
				CLANG_WARN_BOOL_CONVERSION = YES;
				CLANG_WARN_COMMA = YES;
				CLANG_WARN_CONSTANT_CONVERSION = YES;
				CLANG_WARN_DEPRECATED_OBJC_IMPLEMENTATIONS = YES;
				CLANG_WARN_DIRECT_OBJC_ISA_USAGE = YES_ERROR;
				CLANG_WARN_DOCUMENTATION_COMMENTS = YES;
				CLANG_WARN_EMPTY_BODY = YES;
				CLANG_WARN_ENUM_CONVERSION = YES;
				CLANG_WARN_INFINITE_RECURSION = YES;
				CLANG_WARN_INT_CONVERSION = YES;
				CLANG_WARN_NON_LITERAL_NULL_CONVERSION = YES;
				CLANG_WARN_OBJC_IMPLICIT_RETAIN_SELF = YES;
				CLANG_WARN_OBJC_LITERAL_CONVERSION = YES;
				CLANG_WARN_OBJC_ROOT_CLASS = YES_ERROR;
				CLANG_WARN_QUOTED_INCLUDE_IN_FRAMEWORK_HEADER = YES;
				CLANG_WARN_RANGE_LOOP_ANALYSIS = YES;
				CLANG_WARN_STRICT_PROTOTYPES = YES;
				CLANG_WARN_SUSPICIOUS_MOVE = YES;
				CLANG_WARN_UNGUARDED_AVAILABILITY = YES_AGGRESSIVE;
				CLANG_WARN_UNREACHABLE_CODE = YES;
				CLANG_WARN__DUPLICATE_METHOD_MATCH = YES;
				COPY_PHASE_STRIP = NO;
				DEBUG_INFORMATION_FORMAT = "dwarf-with-dsym";
				ENABLE_NS_ASSERTIONS = NO;
				ENABLE_STRICT_OBJC_MSGSEND = YES;
				GCC_C_LANGUAGE_STANDARD = gnu11;
				GCC_NO_COMMON_BLOCKS = YES;
				GCC_WARN_64_TO_32_BIT_CONVERSION = YES;
				GCC_WARN_ABOUT_RETURN_TYPE = YES_ERROR;
				GCC_WARN_UNDECLARED_SELECTOR = YES;
				GCC_WARN_UNINITIALIZED_AUTOS = YES_AGGRESSIVE;
				GCC_WARN_UNUSED_FUNCTION = YES;
				GCC_WARN_UNUSED_VARIABLE = YES;
				IPHONEOS_DEPLOYMENT_TARGET = 16.0;
				MTL_ENABLE_DEBUG_INFO = NO;
				MTL_FAST_MATH = YES;
				SDKROOT = iphoneos;
				SWIFT_COMPILATION_MODE = wholemodule;
				SWIFT_OPTIMIZATION_LEVEL = "-O";
				VALIDATE_PRODUCT = YES;
			};
			name = Release;
		};
		F54BE1D528CB480A00532025 /* Debug */ = {
			isa = XCBuildConfiguration;
			buildSettings = {
				ALWAYS_EMBED_SWIFT_STANDARD_LIBRARIES = YES;
				ASSETCATALOG_COMPILER_APPICON_NAME = AppIcon;
				ASSETCATALOG_COMPILER_GLOBAL_ACCENT_COLOR_NAME = AccentColor;
				CODE_SIGN_ENTITLEMENTS = "LockInNote/🧩Sub/LockInNote.entitlements";
				CODE_SIGN_STYLE = Automatic;
				CURRENT_PROJECT_VERSION = 3;
				DEVELOPMENT_TEAM = 6696GEY228;
				ENABLE_PREVIEWS = YES;
				GENERATE_INFOPLIST_FILE = YES;
				INFOPLIST_FILE = "LockInNote/🧩Sub/Info.plist";
				INFOPLIST_KEY_LSApplicationCategoryType = "public.app-category.utilities";
				INFOPLIST_KEY_UIApplicationSceneManifest_Generation = YES;
				INFOPLIST_KEY_UIApplicationSupportsIndirectInputEvents = YES;
				INFOPLIST_KEY_UILaunchScreen_Generation = YES;
				INFOPLIST_KEY_UILaunchStoryboardName = "Launch Screen.storyboard";
				INFOPLIST_KEY_UISupportedInterfaceOrientations_iPad = "UIInterfaceOrientationPortrait UIInterfaceOrientationPortraitUpsideDown UIInterfaceOrientationLandscapeLeft UIInterfaceOrientationLandscapeRight";
				INFOPLIST_KEY_UISupportedInterfaceOrientations_iPhone = "UIInterfaceOrientationPortrait UIInterfaceOrientationLandscapeLeft UIInterfaceOrientationLandscapeRight";
				LD_RUNPATH_SEARCH_PATHS = (
					"$(inherited)",
					"@executable_path/Frameworks",
				);
				MARKETING_VERSION = 1.0.4;
				PRODUCT_BUNDLE_IDENTIFIER = net.aaaakkkkssssttttnnnn.LockInNote;
				PRODUCT_NAME = "$(TARGET_NAME)";
				SUPPORTED_PLATFORMS = "iphoneos iphonesimulator";
				SUPPORTS_MACCATALYST = NO;
				SUPPORTS_MAC_DESIGNED_FOR_IPHONE_IPAD = NO;
				SWIFT_EMIT_LOC_STRINGS = YES;
				SWIFT_VERSION = 5.0;
				TARGETED_DEVICE_FAMILY = 1;
			};
			name = Debug;
		};
		F54BE1D628CB480A00532025 /* Release */ = {
			isa = XCBuildConfiguration;
			buildSettings = {
				ALWAYS_EMBED_SWIFT_STANDARD_LIBRARIES = YES;
				ASSETCATALOG_COMPILER_APPICON_NAME = AppIcon;
				ASSETCATALOG_COMPILER_GLOBAL_ACCENT_COLOR_NAME = AccentColor;
				CODE_SIGN_ENTITLEMENTS = "LockInNote/🧩Sub/LockInNote.entitlements";
				CODE_SIGN_STYLE = Automatic;
				CURRENT_PROJECT_VERSION = 3;
				DEVELOPMENT_TEAM = 6696GEY228;
				ENABLE_PREVIEWS = YES;
				GENERATE_INFOPLIST_FILE = YES;
				INFOPLIST_FILE = "LockInNote/🧩Sub/Info.plist";
				INFOPLIST_KEY_LSApplicationCategoryType = "public.app-category.utilities";
				INFOPLIST_KEY_UIApplicationSceneManifest_Generation = YES;
				INFOPLIST_KEY_UIApplicationSupportsIndirectInputEvents = YES;
				INFOPLIST_KEY_UILaunchScreen_Generation = YES;
				INFOPLIST_KEY_UILaunchStoryboardName = "Launch Screen.storyboard";
				INFOPLIST_KEY_UISupportedInterfaceOrientations_iPad = "UIInterfaceOrientationPortrait UIInterfaceOrientationPortraitUpsideDown UIInterfaceOrientationLandscapeLeft UIInterfaceOrientationLandscapeRight";
				INFOPLIST_KEY_UISupportedInterfaceOrientations_iPhone = "UIInterfaceOrientationPortrait UIInterfaceOrientationLandscapeLeft UIInterfaceOrientationLandscapeRight";
				LD_RUNPATH_SEARCH_PATHS = (
					"$(inherited)",
					"@executable_path/Frameworks",
				);
				MARKETING_VERSION = 1.0.4;
				PRODUCT_BUNDLE_IDENTIFIER = net.aaaakkkkssssttttnnnn.LockInNote;
				PRODUCT_NAME = "$(TARGET_NAME)";
				SUPPORTED_PLATFORMS = "iphoneos iphonesimulator";
				SUPPORTS_MACCATALYST = NO;
				SUPPORTS_MAC_DESIGNED_FOR_IPHONE_IPAD = NO;
				SWIFT_EMIT_LOC_STRINGS = YES;
				SWIFT_VERSION = 5.0;
				TARGETED_DEVICE_FAMILY = 1;
			};
			name = Release;
		};
		F556951628CCAB72004558FC /* Debug */ = {
			isa = XCBuildConfiguration;
			buildSettings = {
				ASSETCATALOG_COMPILER_GLOBAL_ACCENT_COLOR_NAME = AccentColor;
				ASSETCATALOG_COMPILER_WIDGET_BACKGROUND_COLOR_NAME = WidgetBackground;
				CODE_SIGN_ENTITLEMENTS = LINWidget/LINWidgetExtension.entitlements;
				CODE_SIGN_STYLE = Automatic;
				CURRENT_PROJECT_VERSION = 3;
				DEVELOPMENT_TEAM = 6696GEY228;
				GENERATE_INFOPLIST_FILE = YES;
				INFOPLIST_FILE = LINWidget/Info.plist;
				INFOPLIST_KEY_CFBundleDisplayName = LINWidget;
				INFOPLIST_KEY_NSHumanReadableCopyright = "";
				LD_RUNPATH_SEARCH_PATHS = (
					"$(inherited)",
					"@executable_path/Frameworks",
					"@executable_path/../../Frameworks",
				);
				MARKETING_VERSION = 1.0.4;
				PRODUCT_BUNDLE_IDENTIFIER = net.aaaakkkkssssttttnnnn.LockInNote.LINWidget;
				PRODUCT_NAME = "$(TARGET_NAME)";
				SKIP_INSTALL = YES;
				SWIFT_EMIT_LOC_STRINGS = YES;
				SWIFT_VERSION = 5.0;
				TARGETED_DEVICE_FAMILY = 1;
			};
			name = Debug;
		};
		F556951728CCAB72004558FC /* Release */ = {
			isa = XCBuildConfiguration;
			buildSettings = {
				ASSETCATALOG_COMPILER_GLOBAL_ACCENT_COLOR_NAME = AccentColor;
				ASSETCATALOG_COMPILER_WIDGET_BACKGROUND_COLOR_NAME = WidgetBackground;
				CODE_SIGN_ENTITLEMENTS = LINWidget/LINWidgetExtension.entitlements;
				CODE_SIGN_STYLE = Automatic;
				CURRENT_PROJECT_VERSION = 3;
				DEVELOPMENT_TEAM = 6696GEY228;
				GENERATE_INFOPLIST_FILE = YES;
				INFOPLIST_FILE = LINWidget/Info.plist;
				INFOPLIST_KEY_CFBundleDisplayName = LINWidget;
				INFOPLIST_KEY_NSHumanReadableCopyright = "";
				LD_RUNPATH_SEARCH_PATHS = (
					"$(inherited)",
					"@executable_path/Frameworks",
					"@executable_path/../../Frameworks",
				);
				MARKETING_VERSION = 1.0.4;
				PRODUCT_BUNDLE_IDENTIFIER = net.aaaakkkkssssttttnnnn.LockInNote.LINWidget;
				PRODUCT_NAME = "$(TARGET_NAME)";
				SKIP_INSTALL = YES;
				SWIFT_EMIT_LOC_STRINGS = YES;
				SWIFT_VERSION = 5.0;
				TARGETED_DEVICE_FAMILY = 1;
			};
			name = Release;
		};
/* End XCBuildConfiguration section */

/* Begin XCConfigurationList section */
		F54BE1C128CB480900532025 /* Build configuration list for PBXProject "LockInNote" */ = {
			isa = XCConfigurationList;
			buildConfigurations = (
				F54BE1D228CB480A00532025 /* Debug */,
				F54BE1D328CB480A00532025 /* Release */,
			);
			defaultConfigurationIsVisible = 0;
			defaultConfigurationName = Release;
		};
		F54BE1D428CB480A00532025 /* Build configuration list for PBXNativeTarget "LockInNote" */ = {
			isa = XCConfigurationList;
			buildConfigurations = (
				F54BE1D528CB480A00532025 /* Debug */,
				F54BE1D628CB480A00532025 /* Release */,
			);
			defaultConfigurationIsVisible = 0;
			defaultConfigurationName = Release;
		};
		F556951528CCAB72004558FC /* Build configuration list for PBXNativeTarget "LINWidgetExtension" */ = {
			isa = XCConfigurationList;
			buildConfigurations = (
				F556951628CCAB72004558FC /* Debug */,
				F556951728CCAB72004558FC /* Release */,
			);
			defaultConfigurationIsVisible = 0;
			defaultConfigurationName = Release;
		};
/* End XCConfigurationList section */
	};
	rootObject = F54BE1BE28CB480900532025 /* Project object */;
}
